
Microsoft Visual Studio Solution File, Format Version 12.00
# Visual Studio 14
VisualStudioVersion = 14.0.25420.1
MinimumVisualStudioVersion = 10.0.40219.1
Project("{FAE04EC0-301F-11D3-BF4B-00C04F79EFBC}") = "Xb.Db.MsSql.STD1.3", "Xb.Db.MsSql.STD1.3\Xb.Db.MsSql.STD1.3.csproj", "{8C03B514-BAA0-4B37-A5C9-9D2BEE891ACA}"
EndProject
Project("{FAE04EC0-301F-11D3-BF4B-00C04F79EFBC}") = "Xb.Db.MsSql.FW4.5.1", "Xb.Db.MsSql.FW4.5.1\Xb.Db.MsSql.FW4.5.1.csproj", "{11A6284F-01F6-472F-8B65-A5EED0C3D448}"
EndProject
Project("{FAE04EC0-301F-11D3-BF4B-00C04F79EFBC}") = "TestXb.Db.MsSql", "TestXb.Db.MsSql\TestXb.Db.MsSql.csproj", "{3CC48E7F-D226-48F2-A365-AD7069FDAD38}"
EndProject
Global
	GlobalSection(SolutionConfigurationPlatforms) = preSolution
		Debug|Any CPU = Debug|Any CPU
		Release|Any CPU = Release|Any CPU
	EndGlobalSection
	GlobalSection(ProjectConfigurationPlatforms) = postSolution
		{8C03B514-BAA0-4B37-A5C9-9D2BEE891ACA}.Debug|Any CPU.ActiveCfg = Debug|Any CPU
		{8C03B514-BAA0-4B37-A5C9-9D2BEE891ACA}.Debug|Any CPU.Build.0 = Debug|Any CPU
		{8C03B514-BAA0-4B37-A5C9-9D2BEE891ACA}.Release|Any CPU.ActiveCfg = Release|Any CPU
		{8C03B514-BAA0-4B37-A5C9-9D2BEE891ACA}.Release|Any CPU.Build.0 = Release|Any CPU
		{11A6284F-01F6-472F-8B65-A5EED0C3D448}.Debug|Any CPU.ActiveCfg = Debug|Any CPU
		{11A6284F-01F6-472F-8B65-A5EED0C3D448}.Debug|Any CPU.Build.0 = Debug|Any CPU
		{11A6284F-01F6-472F-8B65-A5EED0C3D448}.Release|Any CPU.ActiveCfg = Release|Any CPU
		{11A6284F-01F6-472F-8B65-A5EED0C3D448}.Release|Any CPU.Build.0 = Release|Any CPU
		{3CC48E7F-D226-48F2-A365-AD7069FDAD38}.Debug|Any CPU.ActiveCfg = Debug|Any CPU
		{3CC48E7F-D226-48F2-A365-AD7069FDAD38}.Debug|Any CPU.Build.0 = Debug|Any CPU
		{3CC48E7F-D226-48F2-A365-AD7069FDAD38}.Release|Any CPU.ActiveCfg = Release|Any CPU
		{3CC48E7F-D226-48F2-A365-AD7069FDAD38}.Release|Any CPU.Build.0 = Release|Any CPU
	EndGlobalSection
	GlobalSection(SolutionProperties) = preSolution
		HideSolutionNode = FALSE
	EndGlobalSection
EndGlobal
